{
  "name": "tweetbuzz2",
  "lockfileVersion": 3,
  "requires": true,
  "packages": {
    "": {
      "dependencies": {
        "@emurgo/cardano-serialization-lib-nodejs": "^14.1.2"
      }
    },
    "node_modules/@emurgo/cardano-serialization-lib-nodejs": {
      "version": "14.1.2",
      "resolved": "https://registry.npmjs.org/@emurgo/cardano-serialization-lib-nodejs/-/cardano-serialization-lib-nodejs-14.1.2.tgz",
      "integrity": "sha512-g8sxCEaQXqRt4A3zmhebuo+pMucVDs/4FlkUD+J+awJCJMAkK7eCFBEb09d8+jREec687D5fY+FG9NemExSQhQ==",
      "license": "MIT"
    }
  }
}
